
Microsoft Visual Studio Solution File, Format Version 12.00
# Visual Studio Version 16
VisualStudioVersion = 16.0.28922.388
MinimumVisualStudioVersion = 10.0.40219.1
Project("{FAE04EC0-301F-11D3-BF4B-00C04F79EFBC}") = "xamarinforms.Android", "xamarinforms\xamarinforms.Android\xamarinforms.Android.csproj", "{6B07BEFC-8B30-4024-8BF3-DC0A00FD769B}"
EndProject
Project("{FAE04EC0-301F-11D3-BF4B-00C04F79EFBC}") = "xamarinforms.iOS", "xamarinforms\xamarinforms.iOS\xamarinforms.iOS.csproj", "{7ED594B7-9FCD-4B2E-8D66-E228B79CE3D6}"
EndProject
Project("{FAE04EC0-301F-11D3-BF4B-00C04F79EFBC}") = "xamarinforms", "xamarinforms\xamarinforms\xamarinforms.csproj", "{E7CDEB5B-77AF-44BA-B1B2-8225385B8A30}"
EndProject
Global
	GlobalSection(SolutionConfigurationPlatforms) = preSolution
		Debug|Any CPU = Debug|Any CPU
		Debug|iPhone = Debug|iPhone
		Debug|iPhoneSimulator = Debug|iPhoneSimulator
		Release|Any CPU = Release|Any CPU
		Release|iPhone = Release|iPhone
		Release|iPhoneSimulator = Release|iPhoneSimulator
	EndGlobalSection
	GlobalSection(ProjectConfigurationPlatforms) = postSolution
		{6B07BEFC-8B30-4024-8BF3-DC0A00FD769B}.Debug|Any CPU.ActiveCfg = Debug|Any CPU
		{6B07BEFC-8B30-4024-8BF3-DC0A00FD769B}.Debug|Any CPU.Build.0 = Debug|Any CPU
		{6B07BEFC-8B30-4024-8BF3-DC0A00FD769B}.Debug|Any CPU.Deploy.0 = Debug|Any CPU
		{6B07BEFC-8B30-4024-8BF3-DC0A00FD769B}.Debug|iPhone.ActiveCfg = Debug|Any CPU
		{6B07BEFC-8B30-4024-8BF3-DC0A00FD769B}.Debug|iPhone.Build.0 = Debug|Any CPU
		{6B07BEFC-8B30-4024-8BF3-DC0A00FD769B}.Debug|iPhone.Deploy.0 = Debug|Any CPU
		{6B07BEFC-8B30-4024-8BF3-DC0A00FD769B}.Debug|iPhoneSimulator.ActiveCfg = Debug|Any CPU
		{6B07BEFC-8B30-4024-8BF3-DC0A00FD769B}.Debug|iPhoneSimulator.Build.0 = Debug|Any CPU
		{6B07BEFC-8B30-4024-8BF3-DC0A00FD769B}.Debug|iPhoneSimulator.Deploy.0 = Debug|Any CPU
		{6B07BEFC-8B30-4024-8BF3-DC0A00FD769B}.Release|Any CPU.ActiveCfg = Release|Any CPU
		{6B07BEFC-8B30-4024-8BF3-DC0A00FD769B}.Release|Any CPU.Build.0 = Release|Any CPU
		{6B07BEFC-8B30-4024-8BF3-DC0A00FD769B}.Release|Any CPU.Deploy.0 = Release|Any CPU
		{6B07BEFC-8B30-4024-8BF3-DC0A00FD769B}.Release|iPhone.ActiveCfg = Release|Any CPU
		{6B07BEFC-8B30-4024-8BF3-DC0A00FD769B}.Release|iPhone.Build.0 = Release|Any CPU
		{6B07BEFC-8B30-4024-8BF3-DC0A00FD769B}.Release|iPhone.Deploy.0 = Release|Any CPU
		{6B07BEFC-8B30-4024-8BF3-DC0A00FD769B}.Release|iPhoneSimulator.ActiveCfg = Release|Any CPU
		{6B07BEFC-8B30-4024-8BF3-DC0A00FD769B}.Release|iPhoneSimulator.Build.0 = Release|Any CPU
		{6B07BEFC-8B30-4024-8BF3-DC0A00FD769B}.Release|iPhoneSimulator.Deploy.0 = Release|Any CPU
		{7ED594B7-9FCD-4B2E-8D66-E228B79CE3D6}.Debug|Any CPU.ActiveCfg = Debug|iPhoneSimulator
		{7ED594B7-9FCD-4B2E-8D66-E228B79CE3D6}.Debug|Any CPU.Build.0 = Debug|iPhoneSimulator
		{7ED594B7-9FCD-4B2E-8D66-E228B79CE3D6}.Debug|Any CPU.Deploy.0 = Debug|iPhoneSimulator
		{7ED594B7-9FCD-4B2E-8D66-E228B79CE3D6}.Debug|iPhone.ActiveCfg = Debug|iPhone
		{7ED594B7-9FCD-4B2E-8D66-E228B79CE3D6}.Debug|iPhone.Build.0 = Debug|iPhone
		{7ED594B7-9FCD-4B2E-8D66-E228B79CE3D6}.Debug|iPhone.Deploy.0 = Debug|iPhone
		{7ED594B7-9FCD-4B2E-8D66-E228B79CE3D6}.Debug|iPhoneSimulator.ActiveCfg = Debug|iPhoneSimulator
		{7ED594B7-9FCD-4B2E-8D66-E228B79CE3D6}.Debug|iPhoneSimulator.Build.0 = Debug|iPhoneSimulator
		{7ED594B7-9FCD-4B2E-8D66-E228B79CE3D6}.Debug|iPhoneSimulator.Deploy.0 = Debug|iPhoneSimulator
		{7ED594B7-9FCD-4B2E-8D66-E228B79CE3D6}.Release|Any CPU.ActiveCfg = Release|iPhone
		{7ED594B7-9FCD-4B2E-8D66-E228B79CE3D6}.Release|Any CPU.Build.0 = Release|iPhone
		{7ED594B7-9FCD-4B2E-8D66-E228B79CE3D6}.Release|Any CPU.Deploy.0 = Release|iPhone
		{7ED594B7-9FCD-4B2E-8D66-E228B79CE3D6}.Release|iPhone.ActiveCfg = Release|iPhone
		{7ED594B7-9FCD-4B2E-8D66-E228B79CE3D6}.Release|iPhone.Build.0 = Release|iPhone
		{7ED594B7-9FCD-4B2E-8D66-E228B79CE3D6}.Release|iPhone.Deploy.0 = Release|iPhone
		{7ED594B7-9FCD-4B2E-8D66-E228B79CE3D6}.Release|iPhoneSimulator.ActiveCfg = Release|iPhoneSimulator
		{7ED594B7-9FCD-4B2E-8D66-E228B79CE3D6}.Release|iPhoneSimulator.Build.0 = Release|iPhoneSimulator
		{7ED594B7-9FCD-4B2E-8D66-E228B79CE3D6}.Release|iPhoneSimulator.Deploy.0 = Release|iPhoneSimulator
		{E7CDEB5B-77AF-44BA-B1B2-8225385B8A30}.Debug|Any CPU.ActiveCfg = Debug|Any CPU
		{E7CDEB5B-77AF-44BA-B1B2-8225385B8A30}.Debug|Any CPU.Build.0 = Debug|Any CPU
		{E7CDEB5B-77AF-44BA-B1B2-8225385B8A30}.Debug|Any CPU.Deploy.0 = Debug|Any CPU
		{E7CDEB5B-77AF-44BA-B1B2-8225385B8A30}.Debug|iPhone.ActiveCfg = Debug|Any CPU
		{E7CDEB5B-77AF-44BA-B1B2-8225385B8A30}.Debug|iPhone.Build.0 = Debug|Any CPU
		{E7CDEB5B-77AF-44BA-B1B2-8225385B8A30}.Debug|iPhone.Deploy.0 = Debug|Any CPU
		{E7CDEB5B-77AF-44BA-B1B2-8225385B8A30}.Debug|iPhoneSimulator.ActiveCfg = Debug|Any CPU
		{E7CDEB5B-77AF-44BA-B1B2-8225385B8A30}.Debug|iPhoneSimulator.Build.0 = Debug|Any CPU
		{E7CDEB5B-77AF-44BA-B1B2-8225385B8A30}.Debug|iPhoneSimulator.Deploy.0 = Debug|Any CPU
		{E7CDEB5B-77AF-44BA-B1B2-8225385B8A30}.Release|Any CPU.ActiveCfg = Release|Any CPU
		{E7CDEB5B-77AF-44BA-B1B2-8225385B8A30}.Release|Any CPU.Build.0 = Release|Any CPU
		{E7CDEB5B-77AF-44BA-B1B2-8225385B8A30}.Release|Any CPU.Deploy.0 = Release|Any CPU
		{E7CDEB5B-77AF-44BA-B1B2-8225385B8A30}.Release|iPhone.ActiveCfg = Release|Any CPU
		{E7CDEB5B-77AF-44BA-B1B2-8225385B8A30}.Release|iPhone.Build.0 = Release|Any CPU
		{E7CDEB5B-77AF-44BA-B1B2-8225385B8A30}.Release|iPhone.Deploy.0 = Release|Any CPU
		{E7CDEB5B-77AF-44BA-B1B2-8225385B8A30}.Release|iPhoneSimulator.ActiveCfg = Release|Any CPU
		{E7CDEB5B-77AF-44BA-B1B2-8225385B8A30}.Release|iPhoneSimulator.Build.0 = Release|Any CPU
		{E7CDEB5B-77AF-44BA-B1B2-8225385B8A30}.Release|iPhoneSimulator.Deploy.0 = Release|Any CPU
	EndGlobalSection
	GlobalSection(SolutionProperties) = preSolution
		HideSolutionNode = FALSE
	EndGlobalSection
	GlobalSection(ExtensibilityGlobals) = postSolution
		SolutionGuid = {1AC7FA54-6EA0-4D84-9F52-84D3EE5B42B1}
	EndGlobalSection
EndGlobal
